// !$*UTF8*$!
{
	archiveVersion = 1;
	classes = {
	};
	objectVersion = 50;
	objects = {

/* Begin PBXBuildFile section */
		812988ED2509D794000DEE10 /* AppDelegate.swift in Sources */ = {isa = PBXBuildFile; fileRef = 812988EC2509D794000DEE10 /* AppDelegate.swift */; };
		812988EF2509D794000DEE10 /* SceneDelegate.swift in Sources */ = {isa = PBXBuildFile; fileRef = 812988EE2509D794000DEE10 /* SceneDelegate.swift */; };
		812988F12509D794000DEE10 /* ViewController.swift in Sources */ = {isa = PBXBuildFile; fileRef = 812988F02509D794000DEE10 /* ViewController.swift */; };
		812988F42509D794000DEE10 /* Main.storyboard in Resources */ = {isa = PBXBuildFile; fileRef = 812988F22509D794000DEE10 /* Main.storyboard */; };
		812988F62509D796000DEE10 /* Assets.xcassets in Resources */ = {isa = PBXBuildFile; fileRef = 812988F52509D796000DEE10 /* Assets.xcassets */; };
		812988F92509D796000DEE10 /* LaunchScreen.storyboard in Resources */ = {isa = PBXBuildFile; fileRef = 812988F72509D796000DEE10 /* LaunchScreen.storyboard */; };
		812989042509D9A6000DEE10 /* DetailSearchCell.swift in Sources */ = {isa = PBXBuildFile; fileRef = 812989022509D9A6000DEE10 /* DetailSearchCell.swift */; };
		812989052509D9A6000DEE10 /* DetailSearchCell.xib in Resources */ = {isa = PBXBuildFile; fileRef = 812989032509D9A6000DEE10 /* DetailSearchCell.xib */; };
		812989082509E2AE000DEE10 /* DataService.swift in Sources */ = {isa = PBXBuildFile; fileRef = 812989072509E2AE000DEE10 /* DataService.swift */; };
		8129890A2509E2BA000DEE10 /* CocktailModel.swift in Sources */ = {isa = PBXBuildFile; fileRef = 812989092509E2BA000DEE10 /* CocktailModel.swift */; };
/* End PBXBuildFile section */

/* Begin PBXFileReference section */
		812988E92509D794000DEE10 /* MasterSearch.app */ = {isa = PBXFileReference; explicitFileType = wrapper.application; includeInIndex = 0; path = MasterSearch.app; sourceTree = BUILT_PRODUCTS_DIR; };
		812988EC2509D794000DEE10 /* AppDelegate.swift */ = {isa = PBXFileReference; lastKnownFileType = sourcecode.swift; path = AppDelegate.swift; sourceTree = "<group>"; };
		812988EE2509D794000DEE10 /* SceneDelegate.swift */ = {isa = PBXFileReference; lastKnownFileType = sourcecode.swift; path = SceneDelegate.swift; sourceTree = "<group>"; };
		812988F02509D794000DEE10 /* ViewController.swift */ = {isa = PBXFileReference; lastKnownFileType = sourcecode.swift; path = ViewController.swift; sourceTree = "<group>"; };
		812988F32509D794000DEE10 /* Base */ = {isa = PBXFileReference; lastKnownFileType = file.storyboard; name = Base; path = Base.lproj/Main.storyboard; sourceTree = "<group>"; };
		812988F52509D796000DEE10 /* Assets.xcassets */ = {isa = PBXFileReference; lastKnownFileType = folder.assetcatalog; path = Assets.xcassets; sourceTree = "<group>"; };
		812988F82509D796000DEE10 /* Base */ = {isa = PBXFileReference; lastKnownFileType = file.storyboard; name = Base; path = Base.lproj/LaunchScreen.storyboard; sourceTree = "<group>"; };
		812988FA2509D796000DEE10 /* Info.plist */ = {isa = PBXFileReference; lastKnownFileType = text.plist.xml; path = Info.plist; sourceTree = "<group>"; };
		812989022509D9A6000DEE10 /* DetailSearchCell.swift */ = {isa = PBXFileReference; lastKnownFileType = sourcecode.swift; path = DetailSearchCell.swift; sourceTree = "<group>"; };
		812989032509D9A6000DEE10 /* DetailSearchCell.xib */ = {isa = PBXFileReference; lastKnownFileType = file.xib; path = DetailSearchCell.xib; sourceTree = "<group>"; };
		812989072509E2AE000DEE10 /* DataService.swift */ = {isa = PBXFileReference; lastKnownFileType = sourcecode.swift; path = DataService.swift; sourceTree = "<group>"; };
		812989092509E2BA000DEE10 /* CocktailModel.swift */ = {isa = PBXFileReference; lastKnownFileType = sourcecode.swift; path = CocktailModel.swift; sourceTree = "<group>"; };
/* End PBXFileReference section */

/* Begin PBXFrameworksBuildPhase section */
		812988E62509D794000DEE10 /* Frameworks */ = {
			isa = PBXFrameworksBuildPhase;
			buildActionMask = 2147483647;
			files = (
			);
			runOnlyForDeploymentPostprocessing = 0;
		};
/* End PBXFrameworksBuildPhase section */

/* Begin PBXGroup section */
		812988E02509D794000DEE10 = {
			isa = PBXGroup;
			children = (
				812988EB2509D794000DEE10 /* MasterSearch */,
				812988EA2509D794000DEE10 /* Products */,
			);
			sourceTree = "<group>";
		};
		812988EA2509D794000DEE10 /* Products */ = {
			isa = PBXGroup;
			children = (
				812988E92509D794000DEE10 /* MasterSearch.app */,
			);
			name = Products;
			sourceTree = "<group>";
		};
		812988EB2509D794000DEE10 /* MasterSearch */ = {
			isa = PBXGroup;
			children = (
				812989062509E2A2000DEE10 /* CallAPI */,
				812989002509D86A000DEE10 /* SearchBarUsingTextField */,
				812988EC2509D794000DEE10 /* AppDelegate.swift */,
				812988EE2509D794000DEE10 /* SceneDelegate.swift */,
				812988F22509D794000DEE10 /* Main.storyboard */,
				812988F52509D796000DEE10 /* Assets.xcassets */,
				812988F72509D796000DEE10 /* LaunchScreen.storyboard */,
				812988FA2509D796000DEE10 /* Info.plist */,
			);
			path = MasterSearch;
			sourceTree = "<group>";
		};
		812989002509D86A000DEE10 /* SearchBarUsingTextField */ = {
			isa = PBXGroup;
			children = (
				812989012509D98C000DEE10 /* DetailSearchCell */,
				812988F02509D794000DEE10 /* ViewController.swift */,
			);
			path = SearchBarUsingTextField;
			sourceTree = "<group>";
		};
		812989012509D98C000DEE10 /* DetailSearchCell */ = {
			isa = PBXGroup;
			children = (
				812989022509D9A6000DEE10 /* DetailSearchCell.swift */,
				812989032509D9A6000DEE10 /* DetailSearchCell.xib */,
			);
			path = DetailSearchCell;
			sourceTree = "<group>";
		};
		812989062509E2A2000DEE10 /* CallAPI */ = {
			isa = PBXGroup;
			children = (
				812989072509E2AE000DEE10 /* DataService.swift */,
				812989092509E2BA000DEE10 /* CocktailModel.swift */,
			);
			path = CallAPI;
			sourceTree = "<group>";
		};
/* End PBXGroup section */

/* Begin PBXNativeTarget section */
		812988E82509D794000DEE10 /* MasterSearch */ = {
			isa = PBXNativeTarget;
			buildConfigurationList = 812988FD2509D796000DEE10 /* Build configuration list for PBXNativeTarget "MasterSearch" */;
			buildPhases = (
				812988E52509D794000DEE10 /* Sources */,
				812988E62509D794000DEE10 /* Frameworks */,
				812988E72509D794000DEE10 /* Resources */,
			);
			buildRules = (
			);
			dependencies = (
			);
			name = MasterSearch;
			productName = MasterSearch;
			productReference = 812988E92509D794000DEE10 /* MasterSearch.app */;
			productType = "com.apple.product-type.application";
		};
/* End PBXNativeTarget section */

/* Begin PBXProject section */
		812988E12509D794000DEE10 /* Project object */ = {
			isa = PBXProject;
			attributes = {
				LastSwiftUpdateCheck = 1170;
				LastUpgradeCheck = 1170;
				ORGANIZATIONNAME = "LuyệnĐào";
				TargetAttributes = {
					812988E82509D794000DEE10 = {
						CreatedOnToolsVersion = 11.7;
					};
				};
			};
			buildConfigurationList = 812988E42509D794000DEE10 /* Build configuration list for PBXProject "MasterSearch" */;
			compatibilityVersion = "Xcode 9.3";
			developmentRegion = en;
			hasScannedForEncodings = 0;
			knownRegions = (
				en,
				Base,
			);
			mainGroup = 812988E02509D794000DEE10;
			productRefGroup = 812988EA2509D794000DEE10 /* Products */;
			projectDirPath = "";
			projectRoot = "";
			targets = (
				812988E82509D794000DEE10 /* MasterSearch */,
			);
		};
/* End PBXProject section */

/* Begin PBXResourcesBuildPhase section */
		812988E72509D794000DEE10 /* Resources */ = {
			isa = PBXResourcesBuildPhase;
			buildActionMask = 2147483647;
			files = (
				812988F92509D796000DEE10 /* LaunchScreen.storyboard in Resources */,
				812988F62509D796000DEE10 /* Assets.xcassets in Resources */,
				812989052509D9A6000DEE10 /* DetailSearchCell.xib in Resources */,
				812988F42509D794000DEE10 /* Main.storyboard in Resources */,
			);
			runOnlyForDeploymentPostprocessing = 0;
		};
/* End PBXResourcesBuildPhase section */

/* Begin PBXSourcesBuildPhase section */
		812988E52509D794000DEE10 /* Sources */ = {
			isa = PBXSourcesBuildPhase;
			buildActionMask = 2147483647;
			files = (
				812988F12509D794000DEE10 /* ViewController.swift in Sources */,
				8129890A2509E2BA000DEE10 /* CocktailModel.swift in Sources */,
				812988ED2509D794000DEE10 /* AppDelegate.swift in Sources */,
				812989042509D9A6000DEE10 /* DetailSearchCell.swift in Sources */,
				812988EF2509D794000DEE10 /* SceneDelegate.swift in Sources */,
				812989082509E2AE000DEE10 /* DataService.swift in Sources */,
			);
			runOnlyForDeploymentPostprocessing = 0;
		};
/* End PBXSourcesBuildPhase section */

/* Begin PBXVariantGroup section */
		812988F22509D794000DEE10 /* Main.storyboard */ = {
			isa = PBXVariantGroup;
			children = (
				812988F32509D794000DEE10 /* Base */,
			);
			name = Main.storyboard;
			sourceTree = "<group>";
		};
		812988F72509D796000DEE10 /* LaunchScreen.storyboard */ = {
			isa = PBXVariantGroup;
			children = (
				812988F82509D796000DEE10 /* Base */,
			);
			name = LaunchScreen.storyboard;
			sourceTree = "<group>";
		};
/* End PBXVariantGroup section */

/* Begin XCBuildConfiguration section */
		812988FB2509D796000DEE10 /* Debug */ = {
			isa = XCBuildConfiguration;
			buildSettings = {
				ALWAYS_SEARCH_USER_PATHS = NO;
				CLANG_ANALYZER_NONNULL = YES;
				CLANG_ANALYZER_NUMBER_OBJECT_CONVERSION = YES_AGGRESSIVE;
				CLANG_CXX_LANGUAGE_STANDARD = "gnu++14";
				CLANG_CXX_LIBRARY = "libc++";
				CLANG_ENABLE_MODULES = YES;
				CLANG_ENABLE_OBJC_ARC = YES;
				CLANG_ENABLE_OBJC_WEAK = YES;
				CLANG_WARN_BLOCK_CAPTURE_AUTORELEASING = YES;
				CLANG_WARN_BOOL_CONVERSION = YES;
				CLANG_WARN_COMMA = YES;
				CLANG_WARN_CONSTANT_CONVERSION = YES;
				CLANG_WARN_DEPRECATED_OBJC_IMPLEMENTATIONS = YES;
				CLANG_WARN_DIRECT_OBJC_ISA_USAGE = YES_ERROR;
				CLANG_WARN_DOCUMENTATION_COMMENTS = YES;
				CLANG_WARN_EMPTY_BODY = YES;
				CLANG_WARN_ENUM_CONVERSION = YES;
				CLANG_WARN_INFINITE_RECURSION = YES;
				CLANG_WARN_INT_CONVERSION = YES;
				CLANG_WARN_NON_LITERAL_NULL_CONVERSION = YES;
				CLANG_WARN_OBJC_IMPLICIT_RETAIN_SELF = YES;
				CLANG_WARN_OBJC_LITERAL_CONVERSION = YES;
				CLANG_WARN_OBJC_ROOT_CLASS = YES_ERROR;
				CLANG_WARN_RANGE_LOOP_ANALYSIS = YES;
				CLANG_WARN_STRICT_PROTOTYPES = YES;
				CLANG_WARN_SUSPICIOUS_MOVE = YES;
				CLANG_WARN_UNGUARDED_AVAILABILITY = YES_AGGRESSIVE;
				CLANG_WARN_UNREACHABLE_CODE = YES;
				CLANG_WARN__DUPLICATE_METHOD_MATCH = YES;
				COPY_PHASE_STRIP = NO;
				DEBUG_INFORMATION_FORMAT = dwarf;
				ENABLE_STRICT_OBJC_MSGSEND = YES;
				ENABLE_TESTABILITY = YES;
				GCC_C_LANGUAGE_STANDARD = gnu11;
				GCC_DYNAMIC_NO_PIC = NO;
				GCC_NO_COMMON_BLOCKS = YES;
				GCC_OPTIMIZATION_LEVEL = 0;
				GCC_PREPROCESSOR_DEFINITIONS = (
					"DEBUG=1",
					"$(inherited)",
				);
				GCC_WARN_64_TO_32_BIT_CONVERSION = YES;
				GCC_WARN_ABOUT_RETURN_TYPE = YES_ERROR;
				GCC_WARN_UNDECLARED_SELECTOR = YES;
				GCC_WARN_UNINITIALIZED_AUTOS = YES_AGGRESSIVE;
				GCC_WARN_UNUSED_FUNCTION = YES;
				GCC_WARN_UNUSED_VARIABLE = YES;
				IPHONEOS_DEPLOYMENT_TARGET = 13.7;
				MTL_ENABLE_DEBUG_INFO = INCLUDE_SOURCE;
				MTL_FAST_MATH = YES;
				ONLY_ACTIVE_ARCH = YES;
				SDKROOT = iphoneos;
				SWIFT_ACTIVE_COMPILATION_CONDITIONS = DEBUG;
				SWIFT_OPTIMIZATION_LEVEL = "-Onone";
			};
			name = Debug;
		};
		812988FC2509D796000DEE10 /* Release */ = {
			isa = XCBuildConfiguration;
			buildSettings = {
				ALWAYS_SEARCH_USER_PATHS = NO;
				CLANG_ANALYZER_NONNULL = YES;
				CLANG_ANALYZER_NUMBER_OBJECT_CONVERSION = YES_AGGRESSIVE;
				CLANG_CXX_LANGUAGE_STANDARD = "gnu++14";
				CLANG_CXX_LIBRARY = "libc++";
				CLANG_ENABLE_MODULES = YES;
				CLANG_ENABLE_OBJC_ARC = YES;
				CLANG_ENABLE_OBJC_WEAK = YES;
				CLANG_WARN_BLOCK_CAPTURE_AUTORELEASING = YES;
				CLANG_WARN_BOOL_CONVERSION = YES;
				CLANG_WARN_COMMA = YES;
				CLANG_WARN_CONSTANT_CONVERSION = YES;
				CLANG_WARN_DEPRECATED_OBJC_IMPLEMENTATIONS = YES;
				CLANG_WARN_DIRECT_OBJC_ISA_USAGE = YES_ERROR;
				CLANG_WARN_DOCUMENTATION_COMMENTS = YES;
				CLANG_WARN_EMPTY_BODY = YES;
				CLANG_WARN_ENUM_CONVERSION = YES;
				CLANG_WARN_INFINITE_RECURSION = YES;
				CLANG_WARN_INT_CONVERSION = YES;
				CLANG_WARN_NON_LITERAL_NULL_CONVERSION = YES;
				CLANG_WARN_OBJC_IMPLICIT_RETAIN_SELF = YES;
				CLANG_WARN_OBJC_LITERAL_CONVERSION = YES;
				CLANG_WARN_OBJC_ROOT_CLASS = YES_ERROR;
				CLANG_WARN_RANGE_LOOP_ANALYSIS = YES;
				CLANG_WARN_STRICT_PROTOTYPES = YES;
				CLANG_WARN_SUSPICIOUS_MOVE = YES;
				CLANG_WARN_UNGUARDED_AVAILABILITY = YES_AGGRESSIVE;
				CLANG_WARN_UNREACHABLE_CODE = YES;
				CLANG_WARN__DUPLICATE_METHOD_MATCH = YES;
				COPY_PHASE_STRIP = NO;
				DEBUG_INFORMATION_FORMAT = "dwarf-with-dsym";
				ENABLE_NS_ASSERTIONS = NO;
				ENABLE_STRICT_OBJC_MSGSEND = YES;
				GCC_C_LANGUAGE_STANDARD = gnu11;
				GCC_NO_COMMON_BLOCKS = YES;
				GCC_WARN_64_TO_32_BIT_CONVERSION = YES;
				GCC_WARN_ABOUT_RETURN_TYPE = YES_ERROR;
				GCC_WARN_UNDECLARED_SELECTOR = YES;
				GCC_WARN_UNINITIALIZED_AUTOS = YES_AGGRESSIVE;
				GCC_WARN_UNUSED_FUNCTION = YES;
				GCC_WARN_UNUSED_VARIABLE = YES;
				IPHONEOS_DEPLOYMENT_TARGET = 13.7;
				MTL_ENABLE_DEBUG_INFO = NO;
				MTL_FAST_MATH = YES;
				SDKROOT = iphoneos;
				SWIFT_COMPILATION_MODE = wholemodule;
				SWIFT_OPTIMIZATION_LEVEL = "-O";
				VALIDATE_PRODUCT = YES;
			};
			name = Release;
		};
		812988FE2509D796000DEE10 /* Debug */ = {
			isa = XCBuildConfiguration;
			buildSettings = {
				ASSETCATALOG_COMPILER_APPICON_NAME = AppIcon;
				CODE_SIGN_STYLE = Automatic;
				INFOPLIST_FILE = MasterSearch/Info.plist;
				LD_RUNPATH_SEARCH_PATHS = (
					"$(inherited)",
					"@executable_path/Frameworks",
				);
				PRODUCT_BUNDLE_IDENTIFIER = "luye--n-a-o.MasterSearch";
				PRODUCT_NAME = "$(TARGET_NAME)";
				SWIFT_VERSION = 4.0;
				TARGETED_DEVICE_FAMILY = "1,2";
			};
			name = Debug;
		};
		812988FF2509D796000DEE10 /* Release */ = {
			isa = XCBuildConfiguration;
			buildSettings = {
				ASSETCATALOG_COMPILER_APPICON_NAME = AppIcon;
				CODE_SIGN_STYLE = Automatic;
				INFOPLIST_FILE = MasterSearch/Info.plist;
				LD_RUNPATH_SEARCH_PATHS = (
					"$(inherited)",
					"@executable_path/Frameworks",
				);
				PRODUCT_BUNDLE_IDENTIFIER = "luye--n-a-o.MasterSearch";
				PRODUCT_NAME = "$(TARGET_NAME)";
				SWIFT_VERSION = 4.0;
				TARGETED_DEVICE_FAMILY = "1,2";
			};
			name = Release;
		};
/* End XCBuildConfiguration section */

/* Begin XCConfigurationList section */
		812988E42509D794000DEE10 /* Build configuration list for PBXProject "MasterSearch" */ = {
			isa = XCConfigurationList;
			buildConfigurations = (
				812988FB2509D796000DEE10 /* Debug */,
				812988FC2509D796000DEE10 /* Release */,
			);
			defaultConfigurationIsVisible = 0;
			defaultConfigurationName = Release;
		};
		812988FD2509D796000DEE10 /* Build configuration list for PBXNativeTarget "MasterSearch" */ = {
			isa = XCConfigurationList;
			buildConfigurations = (
				812988FE2509D796000DEE10 /* Debug */,
				812988FF2509D796000DEE10 /* Release */,
			);
			defaultConfigurationIsVisible = 0;
			defaultConfigurationName = Release;
		};
/* End XCConfigurationList section */
	};
	rootObject = 812988E12509D794000DEE10 /* Project object */;
}
